// !$*UTF8*$!
{
	archiveVersion = 1;
	classes = {
	};
	objectVersion = 56;
	objects = {

/* Begin PBXBuildFile section */
		1C3893AE2A7A5B79003D2CC8 /* AppDelegate.swift in Sources */ = {isa = PBXBuildFile; fileRef = 1C3893AD2A7A5B79003D2CC8 /* AppDelegate.swift */; };
		1C3893B02A7A5B79003D2CC8 /* SceneDelegate.swift in Sources */ = {isa = PBXBuildFile; fileRef = 1C3893AF2A7A5B79003D2CC8 /* SceneDelegate.swift */; };
		1C3893B22A7A5B79003D2CC8 /* LoginVC.swift in Sources */ = {isa = PBXBuildFile; fileRef = 1C3893B12A7A5B79003D2CC8 /* LoginVC.swift */; };
		1C3893B72A7A5B7B003D2CC8 /* Assets.xcassets in Resources */ = {isa = PBXBuildFile; fileRef = 1C3893B62A7A5B7B003D2CC8 /* Assets.xcassets */; };
		1C3893BA2A7A5B7B003D2CC8 /* LaunchScreen.storyboard in Resources */ = {isa = PBXBuildFile; fileRef = 1C3893B82A7A5B7B003D2CC8 /* LaunchScreen.storyboard */; };
		1C3893C32A7A5C3A003D2CC8 /* SnapKit in Frameworks */ = {isa = PBXBuildFile; productRef = 1C3893C22A7A5C3A003D2CC8 /* SnapKit */; };
		1C3893C62A7A5C4E003D2CC8 /* Alamofire in Frameworks */ = {isa = PBXBuildFile; productRef = 1C3893C52A7A5C4E003D2CC8 /* Alamofire */; };
		1C3893CA2A7A5DD6003D2CC8 /* LoginView.swift in Sources */ = {isa = PBXBuildFile; fileRef = 1C3893C92A7A5DD6003D2CC8 /* LoginView.swift */; };
		1C3893D62A7A6D84003D2CC8 /* SFPRODISPLAYBOLD.OTF in Resources */ = {isa = PBXBuildFile; fileRef = 1C3893CD2A7A6D84003D2CC8 /* SFPRODISPLAYBOLD.OTF */; };
		1C3893D72A7A6D84003D2CC8 /* SFPRODISPLAYREGULAR.OTF in Resources */ = {isa = PBXBuildFile; fileRef = 1C3893CE2A7A6D84003D2CC8 /* SFPRODISPLAYREGULAR.OTF */; };
		1C3893D82A7A6D84003D2CC8 /* SFPRODISPLAYBLACKITALIC.OTF in Resources */ = {isa = PBXBuildFile; fileRef = 1C3893CF2A7A6D84003D2CC8 /* SFPRODISPLAYBLACKITALIC.OTF */; };
		1C3893D92A7A6D84003D2CC8 /* SFPRODISPLAYULTRALIGHTITALIC.OTF in Resources */ = {isa = PBXBuildFile; fileRef = 1C3893D02A7A6D84003D2CC8 /* SFPRODISPLAYULTRALIGHTITALIC.OTF */; };
		1C3893DA2A7A6D84003D2CC8 /* SFPRODISPLAYLIGHTITALIC.OTF in Resources */ = {isa = PBXBuildFile; fileRef = 1C3893D12A7A6D84003D2CC8 /* SFPRODISPLAYLIGHTITALIC.OTF */; };
		1C3893DB2A7A6D84003D2CC8 /* SFPRODISPLAYMEDIUM.OTF in Resources */ = {isa = PBXBuildFile; fileRef = 1C3893D22A7A6D84003D2CC8 /* SFPRODISPLAYMEDIUM.OTF */; };
		1C3893DC2A7A6D84003D2CC8 /* SFPRODISPLAYHEAVYITALIC.OTF in Resources */ = {isa = PBXBuildFile; fileRef = 1C3893D32A7A6D84003D2CC8 /* SFPRODISPLAYHEAVYITALIC.OTF */; };
		1C3893DD2A7A6D84003D2CC8 /* SFPRODISPLAYSEMIBOLDITALIC.OTF in Resources */ = {isa = PBXBuildFile; fileRef = 1C3893D42A7A6D84003D2CC8 /* SFPRODISPLAYSEMIBOLDITALIC.OTF */; };
		1C3893DE2A7A6D84003D2CC8 /* SFPRODISPLAYTHINITALIC.OTF in Resources */ = {isa = PBXBuildFile; fileRef = 1C3893D52A7A6D84003D2CC8 /* SFPRODISPLAYTHINITALIC.OTF */; };
		1C3CEAA12A863E7400466A58 /* SignupViewController.swift in Sources */ = {isa = PBXBuildFile; fileRef = 1C3CEAA02A863E7400466A58 /* SignupViewController.swift */; };
		1C3CEAA32A863E9D00466A58 /* SignupView.swift in Sources */ = {isa = PBXBuildFile; fileRef = 1C3CEAA22A863E9D00466A58 /* SignupView.swift */; };
		1C3CEAA72A8658FF00466A58 /* PasswordVewController.swift in Sources */ = {isa = PBXBuildFile; fileRef = 1C3CEAA62A8658FF00466A58 /* PasswordVewController.swift */; };
		1C3CEAA92A86590A00466A58 /* PasswordView.swift in Sources */ = {isa = PBXBuildFile; fileRef = 1C3CEAA82A86590A00466A58 /* PasswordView.swift */; };
		1C3CEAAC2A8770C400466A58 /* TabBarController.swift in Sources */ = {isa = PBXBuildFile; fileRef = 1C3CEAAB2A8770C400466A58 /* TabBarController.swift */; };
		1C3CEAB02A87713C00466A58 /* ProfileViewController.swift in Sources */ = {isa = PBXBuildFile; fileRef = 1C3CEAAF2A87713C00466A58 /* ProfileViewController.swift */; };
		1C3CEAB22A87715D00466A58 /* ProfileView.swift in Sources */ = {isa = PBXBuildFile; fileRef = 1C3CEAB12A87715D00466A58 /* ProfileView.swift */; };
		1C7470CE2A8793CF00FAFA88 /* EditProfileViewController.swift in Sources */ = {isa = PBXBuildFile; fileRef = 1C7470CD2A8793CF00FAFA88 /* EditProfileViewController.swift */; };
		1C7470D02A8793DD00FAFA88 /* EditProfileView.swift in Sources */ = {isa = PBXBuildFile; fileRef = 1C7470CF2A8793DD00FAFA88 /* EditProfileView.swift */; };
		1C7470D42A879E5900FAFA88 /* BorderedTextField.swift in Sources */ = {isa = PBXBuildFile; fileRef = 1C7470D32A879E5900FAFA88 /* BorderedTextField.swift */; };
		1CAA2BE22A82352600C3FD70 /* Extenions + NSObject.swift in Sources */ = {isa = PBXBuildFile; fileRef = 1CAA2BE12A82352600C3FD70 /* Extenions + NSObject.swift */; };
		1CAA2BE52A8237C100C3FD70 /* ForgotVC.swift in Sources */ = {isa = PBXBuildFile; fileRef = 1CAA2BE42A8237C100C3FD70 /* ForgotVC.swift */; };
		1CAA2BE92A8237D600C3FD70 /* ForgotView.swift in Sources */ = {isa = PBXBuildFile; fileRef = 1CAA2BE82A8237D600C3FD70 /* ForgotView.swift */; };
		1CAA2BED2A837D1700C3FD70 /* OTPVC.swift in Sources */ = {isa = PBXBuildFile; fileRef = 1CAA2BEC2A837D1700C3FD70 /* OTPVC.swift */; };
		1CAA2BEF2A8384AE00C3FD70 /* Extensions + UIFont.swift in Sources */ = {isa = PBXBuildFile; fileRef = 1CAA2BEE2A8384AE00C3FD70 /* Extensions + UIFont.swift */; };
		1CAA2BF12A83889000C3FD70 /* OTPView.swift in Sources */ = {isa = PBXBuildFile; fileRef = 1CAA2BF02A83889000C3FD70 /* OTPView.swift */; };
		1CC6273E2A878999004C419C /* FontsFree-Net-SFProDisplay-Semibold.ttf in Resources */ = {isa = PBXBuildFile; fileRef = 1CC6273D2A878999004C419C /* FontsFree-Net-SFProDisplay-Semibold.ttf */; };
		DF47E4066ADE76715B452441 /* Pods_Neobis_threads.framework in Frameworks */ = {isa = PBXBuildFile; fileRef = A76D1E45882EDB70A95CFEA6 /* Pods_Neobis_threads.framework */; };
/* End PBXBuildFile section */

/* Begin PBXFileReference section */
		1C3893AA2A7A5B79003D2CC8 /* Neobis_threads.app */ = {isa = PBXFileReference; explicitFileType = wrapper.application; includeInIndex = 0; path = Neobis_threads.app; sourceTree = BUILT_PRODUCTS_DIR; };
		1C3893AD2A7A5B79003D2CC8 /* AppDelegate.swift */ = {isa = PBXFileReference; lastKnownFileType = sourcecode.swift; path = AppDelegate.swift; sourceTree = "<group>"; };
		1C3893AF2A7A5B79003D2CC8 /* SceneDelegate.swift */ = {isa = PBXFileReference; lastKnownFileType = sourcecode.swift; path = SceneDelegate.swift; sourceTree = "<group>"; };
		1C3893B12A7A5B79003D2CC8 /* LoginVC.swift */ = {isa = PBXFileReference; lastKnownFileType = sourcecode.swift; path = LoginVC.swift; sourceTree = "<group>"; };
		1C3893B62A7A5B7B003D2CC8 /* Assets.xcassets */ = {isa = PBXFileReference; lastKnownFileType = folder.assetcatalog; path = Assets.xcassets; sourceTree = "<group>"; };
		1C3893B92A7A5B7B003D2CC8 /* Base */ = {isa = PBXFileReference; lastKnownFileType = file.storyboard; name = Base; path = Base.lproj/LaunchScreen.storyboard; sourceTree = "<group>"; };
		1C3893BB2A7A5B7B003D2CC8 /* Info.plist */ = {isa = PBXFileReference; lastKnownFileType = text.plist.xml; path = Info.plist; sourceTree = "<group>"; };
		1C3893C92A7A5DD6003D2CC8 /* LoginView.swift */ = {isa = PBXFileReference; lastKnownFileType = sourcecode.swift; path = LoginView.swift; sourceTree = "<group>"; };
		1C3893CD2A7A6D84003D2CC8 /* SFPRODISPLAYBOLD.OTF */ = {isa = PBXFileReference; lastKnownFileType = file; path = SFPRODISPLAYBOLD.OTF; sourceTree = "<group>"; };
		1C3893CE2A7A6D84003D2CC8 /* SFPRODISPLAYREGULAR.OTF */ = {isa = PBXFileReference; lastKnownFileType = file; path = SFPRODISPLAYREGULAR.OTF; sourceTree = "<group>"; };
		1C3893CF2A7A6D84003D2CC8 /* SFPRODISPLAYBLACKITALIC.OTF */ = {isa = PBXFileReference; lastKnownFileType = file; path = SFPRODISPLAYBLACKITALIC.OTF; sourceTree = "<group>"; };
		1C3893D02A7A6D84003D2CC8 /* SFPRODISPLAYULTRALIGHTITALIC.OTF */ = {isa = PBXFileReference; lastKnownFileType = file; path = SFPRODISPLAYULTRALIGHTITALIC.OTF; sourceTree = "<group>"; };
		1C3893D12A7A6D84003D2CC8 /* SFPRODISPLAYLIGHTITALIC.OTF */ = {isa = PBXFileReference; lastKnownFileType = file; path = SFPRODISPLAYLIGHTITALIC.OTF; sourceTree = "<group>"; };
		1C3893D22A7A6D84003D2CC8 /* SFPRODISPLAYMEDIUM.OTF */ = {isa = PBXFileReference; lastKnownFileType = file; path = SFPRODISPLAYMEDIUM.OTF; sourceTree = "<group>"; };
		1C3893D32A7A6D84003D2CC8 /* SFPRODISPLAYHEAVYITALIC.OTF */ = {isa = PBXFileReference; lastKnownFileType = file; path = SFPRODISPLAYHEAVYITALIC.OTF; sourceTree = "<group>"; };
		1C3893D42A7A6D84003D2CC8 /* SFPRODISPLAYSEMIBOLDITALIC.OTF */ = {isa = PBXFileReference; lastKnownFileType = file; path = SFPRODISPLAYSEMIBOLDITALIC.OTF; sourceTree = "<group>"; };
		1C3893D52A7A6D84003D2CC8 /* SFPRODISPLAYTHINITALIC.OTF */ = {isa = PBXFileReference; lastKnownFileType = file; path = SFPRODISPLAYTHINITALIC.OTF; sourceTree = "<group>"; };
		1C3CEAA02A863E7400466A58 /* SignupViewController.swift */ = {isa = PBXFileReference; lastKnownFileType = sourcecode.swift; path = SignupViewController.swift; sourceTree = "<group>"; };
		1C3CEAA22A863E9D00466A58 /* SignupView.swift */ = {isa = PBXFileReference; lastKnownFileType = sourcecode.swift; path = SignupView.swift; sourceTree = "<group>"; };
		1C3CEAA62A8658FF00466A58 /* PasswordVewController.swift */ = {isa = PBXFileReference; lastKnownFileType = sourcecode.swift; path = PasswordVewController.swift; sourceTree = "<group>"; };
		1C3CEAA82A86590A00466A58 /* PasswordView.swift */ = {isa = PBXFileReference; lastKnownFileType = sourcecode.swift; path = PasswordView.swift; sourceTree = "<group>"; };
		1C3CEAAB2A8770C400466A58 /* TabBarController.swift */ = {isa = PBXFileReference; lastKnownFileType = sourcecode.swift; path = TabBarController.swift; sourceTree = "<group>"; };
		1C3CEAAF2A87713C00466A58 /* ProfileViewController.swift */ = {isa = PBXFileReference; lastKnownFileType = sourcecode.swift; path = ProfileViewController.swift; sourceTree = "<group>"; };
		1C3CEAB12A87715D00466A58 /* ProfileView.swift */ = {isa = PBXFileReference; lastKnownFileType = sourcecode.swift; path = ProfileView.swift; sourceTree = "<group>"; };
		1C7470CD2A8793CF00FAFA88 /* EditProfileViewController.swift */ = {isa = PBXFileReference; lastKnownFileType = sourcecode.swift; path = EditProfileViewController.swift; sourceTree = "<group>"; };
		1C7470CF2A8793DD00FAFA88 /* EditProfileView.swift */ = {isa = PBXFileReference; lastKnownFileType = sourcecode.swift; path = EditProfileView.swift; sourceTree = "<group>"; };
		1C7470D32A879E5900FAFA88 /* BorderedTextField.swift */ = {isa = PBXFileReference; lastKnownFileType = sourcecode.swift; path = BorderedTextField.swift; sourceTree = "<group>"; };
		1CAA2BE12A82352600C3FD70 /* Extenions + NSObject.swift */ = {isa = PBXFileReference; lastKnownFileType = sourcecode.swift; path = "Extenions + NSObject.swift"; sourceTree = "<group>"; };
		1CAA2BE42A8237C100C3FD70 /* ForgotVC.swift */ = {isa = PBXFileReference; lastKnownFileType = sourcecode.swift; path = ForgotVC.swift; sourceTree = "<group>"; };
		1CAA2BE82A8237D600C3FD70 /* ForgotView.swift */ = {isa = PBXFileReference; lastKnownFileType = sourcecode.swift; path = ForgotView.swift; sourceTree = "<group>"; };
		1CAA2BEC2A837D1700C3FD70 /* OTPVC.swift */ = {isa = PBXFileReference; lastKnownFileType = sourcecode.swift; path = OTPVC.swift; sourceTree = "<group>"; };
		1CAA2BEE2A8384AE00C3FD70 /* Extensions + UIFont.swift */ = {isa = PBXFileReference; lastKnownFileType = sourcecode.swift; path = "Extensions + UIFont.swift"; sourceTree = "<group>"; };
		1CAA2BF02A83889000C3FD70 /* OTPView.swift */ = {isa = PBXFileReference; lastKnownFileType = sourcecode.swift; path = OTPView.swift; sourceTree = "<group>"; };
		1CC6273D2A878999004C419C /* FontsFree-Net-SFProDisplay-Semibold.ttf */ = {isa = PBXFileReference; lastKnownFileType = file; path = "FontsFree-Net-SFProDisplay-Semibold.ttf"; sourceTree = "<group>"; };
		1EA4318B5D48632ADCA9F462 /* Pods-Neobis_threads.debug.xcconfig */ = {isa = PBXFileReference; includeInIndex = 1; lastKnownFileType = text.xcconfig; name = "Pods-Neobis_threads.debug.xcconfig"; path = "Target Support Files/Pods-Neobis_threads/Pods-Neobis_threads.debug.xcconfig"; sourceTree = "<group>"; };
		A76D1E45882EDB70A95CFEA6 /* Pods_Neobis_threads.framework */ = {isa = PBXFileReference; explicitFileType = wrapper.framework; includeInIndex = 0; path = Pods_Neobis_threads.framework; sourceTree = BUILT_PRODUCTS_DIR; };
		AFED5F56389D6DFD9FC305DB /* Pods-Neobis_threads.release.xcconfig */ = {isa = PBXFileReference; includeInIndex = 1; lastKnownFileType = text.xcconfig; name = "Pods-Neobis_threads.release.xcconfig"; path = "Target Support Files/Pods-Neobis_threads/Pods-Neobis_threads.release.xcconfig"; sourceTree = "<group>"; };
/* End PBXFileReference section */

/* Begin PBXFrameworksBuildPhase section */
		1C3893A72A7A5B79003D2CC8 /* Frameworks */ = {
			isa = PBXFrameworksBuildPhase;
			buildActionMask = 2147483647;
			files = (
				1C3893C32A7A5C3A003D2CC8 /* SnapKit in Frameworks */,
				1C3893C62A7A5C4E003D2CC8 /* Alamofire in Frameworks */,
				DF47E4066ADE76715B452441 /* Pods_Neobis_threads.framework in Frameworks */,
			);
			runOnlyForDeploymentPostprocessing = 0;
		};
/* End PBXFrameworksBuildPhase section */

/* Begin PBXGroup section */
		15C3DDB041EF8A01701EFCD9 /* Frameworks */ = {
			isa = PBXGroup;
			children = (
				A76D1E45882EDB70A95CFEA6 /* Pods_Neobis_threads.framework */,
			);
			name = Frameworks;
			sourceTree = "<group>";
		};
		1C3893A12A7A5B79003D2CC8 = {
			isa = PBXGroup;
			children = (
				1C3893AC2A7A5B79003D2CC8 /* Neobis_threads */,
				1C3893AB2A7A5B79003D2CC8 /* Products */,
				810D60142330C7EDBAB3430F /* Pods */,
				15C3DDB041EF8A01701EFCD9 /* Frameworks */,
			);
			sourceTree = "<group>";
		};
		1C3893AB2A7A5B79003D2CC8 /* Products */ = {
			isa = PBXGroup;
			children = (
				1C3893AA2A7A5B79003D2CC8 /* Neobis_threads.app */,
			);
			name = Products;
			sourceTree = "<group>";
		};
		1C3893AC2A7A5B79003D2CC8 /* Neobis_threads */ = {
			isa = PBXGroup;
			children = (
				1C3893C72A7A5D17003D2CC8 /* Authenfication Screens */,
				1C3CEAAA2A87707200466A58 /* TabBar */,
				1C3893AD2A7A5B79003D2CC8 /* AppDelegate.swift */,
				1C3893AF2A7A5B79003D2CC8 /* SceneDelegate.swift */,
				1C3893B62A7A5B7B003D2CC8 /* Assets.xcassets */,
				1C3893B82A7A5B7B003D2CC8 /* LaunchScreen.storyboard */,
				1C7470D12A879E3600FAFA88 /* Custom */,
				1C3893CB2A7A6D61003D2CC8 /* Fonts */,
				1CAA2BE02A8234FC00C3FD70 /* Extensions */,
				1C3893BB2A7A5B7B003D2CC8 /* Info.plist */,
			);
			path = Neobis_threads;
			sourceTree = "<group>";
		};
		1C3893C72A7A5D17003D2CC8 /* Authenfication Screens */ = {
			isa = PBXGroup;
			children = (
				1C3893C82A7A5D2E003D2CC8 /* Login */,
				1CAA2BE32A8237A900C3FD70 /* Forgot password */,
				1CAA2BEA2A837CD800C3FD70 /* OTP */,
				1C3CEA9E2A863E4D00466A58 /* Sign up */,
				1C3CEAA42A8658E100466A58 /* Create new password */,
				1C3CEAAD2A87712000466A58 /* Profile */,
				1C7470CB2A8793B000FAFA88 /* Edit profile */,
			);
			path = "Authenfication Screens";
			sourceTree = "<group>";
		};
		1C3893C82A7A5D2E003D2CC8 /* Login */ = {
			isa = PBXGroup;
			children = (
				1C3893B12A7A5B79003D2CC8 /* LoginVC.swift */,
				1CAA2BE62A8237C500C3FD70 /* View */,
			);
			path = Login;
			sourceTree = "<group>";
		};
		1C3893CB2A7A6D61003D2CC8 /* Fonts */ = {
			isa = PBXGroup;
			children = (
				1C3893CC2A7A6D69003D2CC8 /* SFPRO */,
			);
			path = Fonts;
			sourceTree = "<group>";
		};
		1C3893CC2A7A6D69003D2CC8 /* SFPRO */ = {
			isa = PBXGroup;
			children = (
				1CC6273D2A878999004C419C /* FontsFree-Net-SFProDisplay-Semibold.ttf */,
				1C3893CF2A7A6D84003D2CC8 /* SFPRODISPLAYBLACKITALIC.OTF */,
				1C3893CD2A7A6D84003D2CC8 /* SFPRODISPLAYBOLD.OTF */,
				1C3893D32A7A6D84003D2CC8 /* SFPRODISPLAYHEAVYITALIC.OTF */,
				1C3893D12A7A6D84003D2CC8 /* SFPRODISPLAYLIGHTITALIC.OTF */,
				1C3893D22A7A6D84003D2CC8 /* SFPRODISPLAYMEDIUM.OTF */,
				1C3893CE2A7A6D84003D2CC8 /* SFPRODISPLAYREGULAR.OTF */,
				1C3893D42A7A6D84003D2CC8 /* SFPRODISPLAYSEMIBOLDITALIC.OTF */,
				1C3893D52A7A6D84003D2CC8 /* SFPRODISPLAYTHINITALIC.OTF */,
				1C3893D02A7A6D84003D2CC8 /* SFPRODISPLAYULTRALIGHTITALIC.OTF */,
			);
			path = SFPRO;
			sourceTree = "<group>";
		};
		1C3CEA9E2A863E4D00466A58 /* Sign up */ = {
			isa = PBXGroup;
			children = (
				1C3CEAA02A863E7400466A58 /* SignupViewController.swift */,
				1C3CEA9F2A863E6500466A58 /* View */,
			);
			path = "Sign up";
			sourceTree = "<group>";
		};
		1C3CEA9F2A863E6500466A58 /* View */ = {
			isa = PBXGroup;
			children = (
				1C3CEAA22A863E9D00466A58 /* SignupView.swift */,
			);
			path = View;
			sourceTree = "<group>";
		};
		1C3CEAA42A8658E100466A58 /* Create new password */ = {
			isa = PBXGroup;
			children = (
				1C3CEAA62A8658FF00466A58 /* PasswordVewController.swift */,
				1C3CEAA52A8658EF00466A58 /* View */,
			);
			path = "Create new password";
			sourceTree = "<group>";
		};
		1C3CEAA52A8658EF00466A58 /* View */ = {
			isa = PBXGroup;
			children = (
				1C3CEAA82A86590A00466A58 /* PasswordView.swift */,
			);
			path = View;
			sourceTree = "<group>";
		};
		1C3CEAAA2A87707200466A58 /* TabBar */ = {
			isa = PBXGroup;
			children = (
				1C3CEAAB2A8770C400466A58 /* TabBarController.swift */,
			);
			path = TabBar;
			sourceTree = "<group>";
		};
		1C3CEAAD2A87712000466A58 /* Profile */ = {
			isa = PBXGroup;
			children = (
				1C3CEAAF2A87713C00466A58 /* ProfileViewController.swift */,
				1C3CEAAE2A87712B00466A58 /* View */,
			);
			path = Profile;
			sourceTree = "<group>";
		};
		1C3CEAAE2A87712B00466A58 /* View */ = {
			isa = PBXGroup;
			children = (
				1C3CEAB12A87715D00466A58 /* ProfileView.swift */,
			);
			path = View;
			sourceTree = "<group>";
		};
		1C7470CB2A8793B000FAFA88 /* Edit profile */ = {
			isa = PBXGroup;
			children = (
				1C7470CD2A8793CF00FAFA88 /* EditProfileViewController.swift */,
				1C7470CC2A8793BF00FAFA88 /* View */,
			);
			path = "Edit profile";
			sourceTree = "<group>";
		};
		1C7470CC2A8793BF00FAFA88 /* View */ = {
			isa = PBXGroup;
			children = (
				1C7470CF2A8793DD00FAFA88 /* EditProfileView.swift */,
			);
			path = View;
			sourceTree = "<group>";
		};
		1C7470D12A879E3600FAFA88 /* Custom */ = {
			isa = PBXGroup;
			children = (
				1C7470D22A879E3E00FAFA88 /* BorderedTextField */,
			);
			path = Custom;
			sourceTree = "<group>";
		};
		1C7470D22A879E3E00FAFA88 /* BorderedTextField */ = {
			isa = PBXGroup;
			children = (
				1C7470D32A879E5900FAFA88 /* BorderedTextField.swift */,
			);
			path = BorderedTextField;
			sourceTree = "<group>";
		};
		1CAA2BE02A8234FC00C3FD70 /* Extensions */ = {
			isa = PBXGroup;
			children = (
				1CAA2BE12A82352600C3FD70 /* Extenions + NSObject.swift */,
				1CAA2BEE2A8384AE00C3FD70 /* Extensions + UIFont.swift */,
			);
			path = Extensions;
			sourceTree = "<group>";
		};
		1CAA2BE32A8237A900C3FD70 /* Forgot password */ = {
			isa = PBXGroup;
			children = (
				1CAA2BE42A8237C100C3FD70 /* ForgotVC.swift */,
				1CAA2BE72A8237CC00C3FD70 /* View */,
			);
			path = "Forgot password";
			sourceTree = "<group>";
		};
		1CAA2BE62A8237C500C3FD70 /* View */ = {
			isa = PBXGroup;
			children = (
				1C3893C92A7A5DD6003D2CC8 /* LoginView.swift */,
			);
			path = View;
			sourceTree = "<group>";
		};
		1CAA2BE72A8237CC00C3FD70 /* View */ = {
			isa = PBXGroup;
			children = (
				1CAA2BE82A8237D600C3FD70 /* ForgotView.swift */,
			);
			path = View;
			sourceTree = "<group>";
		};
		1CAA2BEA2A837CD800C3FD70 /* OTP */ = {
			isa = PBXGroup;
			children = (
				1CAA2BEC2A837D1700C3FD70 /* OTPVC.swift */,
				1CAA2BEB2A837D0700C3FD70 /* View */,
			);
			path = OTP;
			sourceTree = "<group>";
		};
		1CAA2BEB2A837D0700C3FD70 /* View */ = {
			isa = PBXGroup;
			children = (
				1CAA2BF02A83889000C3FD70 /* OTPView.swift */,
			);
			path = View;
			sourceTree = "<group>";
		};
		810D60142330C7EDBAB3430F /* Pods */ = {
			isa = PBXGroup;
			children = (
				1EA4318B5D48632ADCA9F462 /* Pods-Neobis_threads.debug.xcconfig */,
				AFED5F56389D6DFD9FC305DB /* Pods-Neobis_threads.release.xcconfig */,
			);
			path = Pods;
			sourceTree = "<group>";
		};
/* End PBXGroup section */

/* Begin PBXNativeTarget section */
		1C3893A92A7A5B79003D2CC8 /* Neobis_threads */ = {
			isa = PBXNativeTarget;
			buildConfigurationList = 1C3893BE2A7A5B7B003D2CC8 /* Build configuration list for PBXNativeTarget "Neobis_threads" */;
			buildPhases = (
				9801FD2F6762A66B8BCDAFFD /* [CP] Check Pods Manifest.lock */,
				1C3893A62A7A5B79003D2CC8 /* Sources */,
				1C3893A72A7A5B79003D2CC8 /* Frameworks */,
				1C3893A82A7A5B79003D2CC8 /* Resources */,
				E6EAD644E856E3312A430A15 /* [CP] Embed Pods Frameworks */,
			);
			buildRules = (
			);
			dependencies = (
			);
			name = Neobis_threads;
			packageProductDependencies = (
				1C3893C22A7A5C3A003D2CC8 /* SnapKit */,
				1C3893C52A7A5C4E003D2CC8 /* Alamofire */,
			);
			productName = Neobis_threads;
			productReference = 1C3893AA2A7A5B79003D2CC8 /* Neobis_threads.app */;
			productType = "com.apple.product-type.application";
		};
/* End PBXNativeTarget section */

/* Begin PBXProject section */
		1C3893A22A7A5B79003D2CC8 /* Project object */ = {
			isa = PBXProject;
			attributes = {
				BuildIndependentTargetsInParallel = 1;
				LastSwiftUpdateCheck = 1430;
				LastUpgradeCheck = 1430;
				TargetAttributes = {
					1C3893A92A7A5B79003D2CC8 = {
						CreatedOnToolsVersion = 14.3;
					};
				};
			};
			buildConfigurationList = 1C3893A52A7A5B79003D2CC8 /* Build configuration list for PBXProject "Neobis_threads" */;
			compatibilityVersion = "Xcode 14.0";
			developmentRegion = en;
			hasScannedForEncodings = 0;
			knownRegions = (
				en,
				Base,
			);
			mainGroup = 1C3893A12A7A5B79003D2CC8;
			packageReferences = (
				1C3893C12A7A5C3A003D2CC8 /* XCRemoteSwiftPackageReference "Snapkit" */,
				1C3893C42A7A5C4E003D2CC8 /* XCRemoteSwiftPackageReference "Alamofire" */,
			);
			productRefGroup = 1C3893AB2A7A5B79003D2CC8 /* Products */;
			projectDirPath = "";
			projectRoot = "";
			targets = (
				1C3893A92A7A5B79003D2CC8 /* Neobis_threads */,
			);
		};
/* End PBXProject section */

/* Begin PBXResourcesBuildPhase section */
		1C3893A82A7A5B79003D2CC8 /* Resources */ = {
			isa = PBXResourcesBuildPhase;
			buildActionMask = 2147483647;
			files = (
				1CC6273E2A878999004C419C /* FontsFree-Net-SFProDisplay-Semibold.ttf in Resources */,
				1C3893DC2A7A6D84003D2CC8 /* SFPRODISPLAYHEAVYITALIC.OTF in Resources */,
				1C3893D72A7A6D84003D2CC8 /* SFPRODISPLAYREGULAR.OTF in Resources */,
				1C3893D82A7A6D84003D2CC8 /* SFPRODISPLAYBLACKITALIC.OTF in Resources */,
				1C3893D92A7A6D84003D2CC8 /* SFPRODISPLAYULTRALIGHTITALIC.OTF in Resources */,
				1C3893BA2A7A5B7B003D2CC8 /* LaunchScreen.storyboard in Resources */,
				1C3893DA2A7A6D84003D2CC8 /* SFPRODISPLAYLIGHTITALIC.OTF in Resources */,
				1C3893DD2A7A6D84003D2CC8 /* SFPRODISPLAYSEMIBOLDITALIC.OTF in Resources */,
				1C3893D62A7A6D84003D2CC8 /* SFPRODISPLAYBOLD.OTF in Resources */,
				1C3893DB2A7A6D84003D2CC8 /* SFPRODISPLAYMEDIUM.OTF in Resources */,
				1C3893B72A7A5B7B003D2CC8 /* Assets.xcassets in Resources */,
				1C3893DE2A7A6D84003D2CC8 /* SFPRODISPLAYTHINITALIC.OTF in Resources */,
			);
			runOnlyForDeploymentPostprocessing = 0;
		};
/* End PBXResourcesBuildPhase section */

/* Begin PBXShellScriptBuildPhase section */
		9801FD2F6762A66B8BCDAFFD /* [CP] Check Pods Manifest.lock */ = {
			isa = PBXShellScriptBuildPhase;
			buildActionMask = 2147483647;
			files = (
			);
			inputFileListPaths = (
			);
			inputPaths = (
				"${PODS_PODFILE_DIR_PATH}/Podfile.lock",
				"${PODS_ROOT}/Manifest.lock",
			);
			name = "[CP] Check Pods Manifest.lock";
			outputFileListPaths = (
			);
			outputPaths = (
				"$(DERIVED_FILE_DIR)/Pods-Neobis_threads-checkManifestLockResult.txt",
			);
			runOnlyForDeploymentPostprocessing = 0;
			shellPath = /bin/sh;
			shellScript = "diff \"${PODS_PODFILE_DIR_PATH}/Podfile.lock\" \"${PODS_ROOT}/Manifest.lock\" > /dev/null\nif [ $? != 0 ] ; then\n    # print error to STDERR\n    echo \"error: The sandbox is not in sync with the Podfile.lock. Run 'pod install' or update your CocoaPods installation.\" >&2\n    exit 1\nfi\n# This output is used by Xcode 'outputs' to avoid re-running this script phase.\necho \"SUCCESS\" > \"${SCRIPT_OUTPUT_FILE_0}\"\n";
			showEnvVarsInLog = 0;
		};
		E6EAD644E856E3312A430A15 /* [CP] Embed Pods Frameworks */ = {
			isa = PBXShellScriptBuildPhase;
			buildActionMask = 2147483647;
			files = (
			);
			inputFileListPaths = (
				"${PODS_ROOT}/Target Support Files/Pods-Neobis_threads/Pods-Neobis_threads-frameworks-${CONFIGURATION}-input-files.xcfilelist",
			);
			name = "[CP] Embed Pods Frameworks";
			outputFileListPaths = (
				"${PODS_ROOT}/Target Support Files/Pods-Neobis_threads/Pods-Neobis_threads-frameworks-${CONFIGURATION}-output-files.xcfilelist",
			);
			runOnlyForDeploymentPostprocessing = 0;
			shellPath = /bin/sh;
			shellScript = "\"${PODS_ROOT}/Target Support Files/Pods-Neobis_threads/Pods-Neobis_threads-frameworks.sh\"\n";
			showEnvVarsInLog = 0;
		};
/* End PBXShellScriptBuildPhase section */

/* Begin PBXSourcesBuildPhase section */
		1C3893A62A7A5B79003D2CC8 /* Sources */ = {
			isa = PBXSourcesBuildPhase;
			buildActionMask = 2147483647;
			files = (
				1C3CEAA32A863E9D00466A58 /* SignupView.swift in Sources */,
				1C3CEAA92A86590A00466A58 /* PasswordView.swift in Sources */,
				1C3893B22A7A5B79003D2CC8 /* LoginVC.swift in Sources */,
				1C3CEAAC2A8770C400466A58 /* TabBarController.swift in Sources */,
				1C3893AE2A7A5B79003D2CC8 /* AppDelegate.swift in Sources */,
				1C3CEAA12A863E7400466A58 /* SignupViewController.swift in Sources */,
				1C3CEAB02A87713C00466A58 /* ProfileViewController.swift in Sources */,
				1CAA2BED2A837D1700C3FD70 /* OTPVC.swift in Sources */,
				1C7470CE2A8793CF00FAFA88 /* EditProfileViewController.swift in Sources */,
				1C3CEAA72A8658FF00466A58 /* PasswordVewController.swift in Sources */,
				1C3CEAB22A87715D00466A58 /* ProfileView.swift in Sources */,
				1C3893CA2A7A5DD6003D2CC8 /* LoginView.swift in Sources */,
				1CAA2BEF2A8384AE00C3FD70 /* Extensions + UIFont.swift in Sources */,
				1C7470D02A8793DD00FAFA88 /* EditProfileView.swift in Sources */,
				1CAA2BE92A8237D600C3FD70 /* ForgotView.swift in Sources */,
				1CAA2BF12A83889000C3FD70 /* OTPView.swift in Sources */,
				1C3893B02A7A5B79003D2CC8 /* SceneDelegate.swift in Sources */,
				1CAA2BE22A82352600C3FD70 /* Extenions + NSObject.swift in Sources */,
				1C7470D42A879E5900FAFA88 /* BorderedTextField.swift in Sources */,
				1CAA2BE52A8237C100C3FD70 /* ForgotVC.swift in Sources */,
			);
			runOnlyForDeploymentPostprocessing = 0;
		};
/* End PBXSourcesBuildPhase section */

/* Begin PBXVariantGroup section */
		1C3893B82A7A5B7B003D2CC8 /* LaunchScreen.storyboard */ = {
			isa = PBXVariantGroup;
			children = (
				1C3893B92A7A5B7B003D2CC8 /* Base */,
			);
			name = LaunchScreen.storyboard;
			sourceTree = "<group>";
		};
/* End PBXVariantGroup section */

/* Begin XCBuildConfiguration section */
		1C3893BC2A7A5B7B003D2CC8 /* Debug */ = {
			isa = XCBuildConfiguration;
			buildSettings = {
				ALWAYS_SEARCH_USER_PATHS = NO;
				CLANG_ANALYZER_NONNULL = YES;
				CLANG_ANALYZER_NUMBER_OBJECT_CONVERSION = YES_AGGRESSIVE;
				CLANG_CXX_LANGUAGE_STANDARD = "gnu++20";
				CLANG_ENABLE_MODULES = YES;
				CLANG_ENABLE_OBJC_ARC = YES;
				CLANG_ENABLE_OBJC_WEAK = YES;
				CLANG_WARN_BLOCK_CAPTURE_AUTORELEASING = YES;
				CLANG_WARN_BOOL_CONVERSION = YES;
				CLANG_WARN_COMMA = YES;
				CLANG_WARN_CONSTANT_CONVERSION = YES;
				CLANG_WARN_DEPRECATED_OBJC_IMPLEMENTATIONS = YES;
				CLANG_WARN_DIRECT_OBJC_ISA_USAGE = YES_ERROR;
				CLANG_WARN_DOCUMENTATION_COMMENTS = YES;
				CLANG_WARN_EMPTY_BODY = YES;
				CLANG_WARN_ENUM_CONVERSION = YES;
				CLANG_WARN_INFINITE_RECURSION = YES;
				CLANG_WARN_INT_CONVERSION = YES;
				CLANG_WARN_NON_LITERAL_NULL_CONVERSION = YES;
				CLANG_WARN_OBJC_IMPLICIT_RETAIN_SELF = YES;
				CLANG_WARN_OBJC_LITERAL_CONVERSION = YES;
				CLANG_WARN_OBJC_ROOT_CLASS = YES_ERROR;
				CLANG_WARN_QUOTED_INCLUDE_IN_FRAMEWORK_HEADER = YES;
				CLANG_WARN_RANGE_LOOP_ANALYSIS = YES;
				CLANG_WARN_STRICT_PROTOTYPES = YES;
				CLANG_WARN_SUSPICIOUS_MOVE = YES;
				CLANG_WARN_UNGUARDED_AVAILABILITY = YES_AGGRESSIVE;
				CLANG_WARN_UNREACHABLE_CODE = YES;
				CLANG_WARN__DUPLICATE_METHOD_MATCH = YES;
				COPY_PHASE_STRIP = NO;
				DEBUG_INFORMATION_FORMAT = dwarf;
				ENABLE_STRICT_OBJC_MSGSEND = YES;
				ENABLE_TESTABILITY = YES;
				GCC_C_LANGUAGE_STANDARD = gnu11;
				GCC_DYNAMIC_NO_PIC = NO;
				GCC_NO_COMMON_BLOCKS = YES;
				GCC_OPTIMIZATION_LEVEL = 0;
				GCC_PREPROCESSOR_DEFINITIONS = (
					"DEBUG=1",
					"$(inherited)",
				);
				GCC_WARN_64_TO_32_BIT_CONVERSION = YES;
				GCC_WARN_ABOUT_RETURN_TYPE = YES_ERROR;
				GCC_WARN_UNDECLARED_SELECTOR = YES;
				GCC_WARN_UNINITIALIZED_AUTOS = YES_AGGRESSIVE;
				GCC_WARN_UNUSED_FUNCTION = YES;
				GCC_WARN_UNUSED_VARIABLE = YES;
				IPHONEOS_DEPLOYMENT_TARGET = 16.4;
				MTL_ENABLE_DEBUG_INFO = INCLUDE_SOURCE;
				MTL_FAST_MATH = YES;
				ONLY_ACTIVE_ARCH = YES;
				SDKROOT = iphoneos;
				SWIFT_ACTIVE_COMPILATION_CONDITIONS = DEBUG;
				SWIFT_OPTIMIZATION_LEVEL = "-Onone";
			};
			name = Debug;
		};
		1C3893BD2A7A5B7B003D2CC8 /* Release */ = {
			isa = XCBuildConfiguration;
			buildSettings = {
				ALWAYS_SEARCH_USER_PATHS = NO;
				CLANG_ANALYZER_NONNULL = YES;
				CLANG_ANALYZER_NUMBER_OBJECT_CONVERSION = YES_AGGRESSIVE;
				CLANG_CXX_LANGUAGE_STANDARD = "gnu++20";
				CLANG_ENABLE_MODULES = YES;
				CLANG_ENABLE_OBJC_ARC = YES;
				CLANG_ENABLE_OBJC_WEAK = YES;
				CLANG_WARN_BLOCK_CAPTURE_AUTORELEASING = YES;
				CLANG_WARN_BOOL_CONVERSION = YES;
				CLANG_WARN_COMMA = YES;
				CLANG_WARN_CONSTANT_CONVERSION = YES;
				CLANG_WARN_DEPRECATED_OBJC_IMPLEMENTATIONS = YES;
				CLANG_WARN_DIRECT_OBJC_ISA_USAGE = YES_ERROR;
				CLANG_WARN_DOCUMENTATION_COMMENTS = YES;
				CLANG_WARN_EMPTY_BODY = YES;
				CLANG_WARN_ENUM_CONVERSION = YES;
				CLANG_WARN_INFINITE_RECURSION = YES;
				CLANG_WARN_INT_CONVERSION = YES;
				CLANG_WARN_NON_LITERAL_NULL_CONVERSION = YES;
				CLANG_WARN_OBJC_IMPLICIT_RETAIN_SELF = YES;
				CLANG_WARN_OBJC_LITERAL_CONVERSION = YES;
				CLANG_WARN_OBJC_ROOT_CLASS = YES_ERROR;
				CLANG_WARN_QUOTED_INCLUDE_IN_FRAMEWORK_HEADER = YES;
				CLANG_WARN_RANGE_LOOP_ANALYSIS = YES;
				CLANG_WARN_STRICT_PROTOTYPES = YES;
				CLANG_WARN_SUSPICIOUS_MOVE = YES;
				CLANG_WARN_UNGUARDED_AVAILABILITY = YES_AGGRESSIVE;
				CLANG_WARN_UNREACHABLE_CODE = YES;
				CLANG_WARN__DUPLICATE_METHOD_MATCH = YES;
				COPY_PHASE_STRIP = NO;
				DEBUG_INFORMATION_FORMAT = "dwarf-with-dsym";
				ENABLE_NS_ASSERTIONS = NO;
				ENABLE_STRICT_OBJC_MSGSEND = YES;
				GCC_C_LANGUAGE_STANDARD = gnu11;
				GCC_NO_COMMON_BLOCKS = YES;
				GCC_WARN_64_TO_32_BIT_CONVERSION = YES;
				GCC_WARN_ABOUT_RETURN_TYPE = YES_ERROR;
				GCC_WARN_UNDECLARED_SELECTOR = YES;
				GCC_WARN_UNINITIALIZED_AUTOS = YES_AGGRESSIVE;
				GCC_WARN_UNUSED_FUNCTION = YES;
				GCC_WARN_UNUSED_VARIABLE = YES;
				IPHONEOS_DEPLOYMENT_TARGET = 16.4;
				MTL_ENABLE_DEBUG_INFO = NO;
				MTL_FAST_MATH = YES;
				SDKROOT = iphoneos;
				SWIFT_COMPILATION_MODE = wholemodule;
				SWIFT_OPTIMIZATION_LEVEL = "-O";
				VALIDATE_PRODUCT = YES;
			};
			name = Release;
		};
		1C3893BF2A7A5B7B003D2CC8 /* Debug */ = {
			isa = XCBuildConfiguration;
			baseConfigurationReference = 1EA4318B5D48632ADCA9F462 /* Pods-Neobis_threads.debug.xcconfig */;
			buildSettings = {
				ASSETCATALOG_COMPILER_APPICON_NAME = AppIcon;
				ASSETCATALOG_COMPILER_GLOBAL_ACCENT_COLOR_NAME = AccentColor;
				CODE_SIGN_STYLE = Automatic;
				CURRENT_PROJECT_VERSION = 1;
				DEVELOPMENT_TEAM = QDV7MRC2HW;
				GENERATE_INFOPLIST_FILE = YES;
				INFOPLIST_FILE = Neobis_threads/Info.plist;
				INFOPLIST_KEY_UIApplicationSupportsIndirectInputEvents = YES;
				INFOPLIST_KEY_UILaunchStoryboardName = LaunchScreen;
				INFOPLIST_KEY_UISupportedInterfaceOrientations_iPad = "UIInterfaceOrientationPortrait UIInterfaceOrientationPortraitUpsideDown UIInterfaceOrientationLandscapeLeft UIInterfaceOrientationLandscapeRight";
				INFOPLIST_KEY_UISupportedInterfaceOrientations_iPhone = "UIInterfaceOrientationPortrait UIInterfaceOrientationLandscapeLeft UIInterfaceOrientationLandscapeRight";
				IPHONEOS_DEPLOYMENT_TARGET = 16.4;
				LD_RUNPATH_SEARCH_PATHS = (
					"$(inherited)",
					"@executable_path/Frameworks",
				);
				MARKETING_VERSION = 1.0;
				PRODUCT_BUNDLE_IDENTIFIER = "aidarrsh.Neobis-threads";
				PRODUCT_NAME = "$(TARGET_NAME)";
				SWIFT_EMIT_LOC_STRINGS = YES;
				SWIFT_VERSION = 5.0;
				TARGETED_DEVICE_FAMILY = "1,2";
			};
			name = Debug;
		};
		1C3893C02A7A5B7B003D2CC8 /* Release */ = {
			isa = XCBuildConfiguration;
			baseConfigurationReference = AFED5F56389D6DFD9FC305DB /* Pods-Neobis_threads.release.xcconfig */;
			buildSettings = {
				ASSETCATALOG_COMPILER_APPICON_NAME = AppIcon;
				ASSETCATALOG_COMPILER_GLOBAL_ACCENT_COLOR_NAME = AccentColor;
				CODE_SIGN_STYLE = Automatic;
				CURRENT_PROJECT_VERSION = 1;
				DEVELOPMENT_TEAM = QDV7MRC2HW;
				GENERATE_INFOPLIST_FILE = YES;
				INFOPLIST_FILE = Neobis_threads/Info.plist;
				INFOPLIST_KEY_UIApplicationSupportsIndirectInputEvents = YES;
				INFOPLIST_KEY_UILaunchStoryboardName = LaunchScreen;
				INFOPLIST_KEY_UISupportedInterfaceOrientations_iPad = "UIInterfaceOrientationPortrait UIInterfaceOrientationPortraitUpsideDown UIInterfaceOrientationLandscapeLeft UIInterfaceOrientationLandscapeRight";
				INFOPLIST_KEY_UISupportedInterfaceOrientations_iPhone = "UIInterfaceOrientationPortrait UIInterfaceOrientationLandscapeLeft UIInterfaceOrientationLandscapeRight";
				IPHONEOS_DEPLOYMENT_TARGET = 16.4;
				LD_RUNPATH_SEARCH_PATHS = (
					"$(inherited)",
					"@executable_path/Frameworks",
				);
				MARKETING_VERSION = 1.0;
				PRODUCT_BUNDLE_IDENTIFIER = "aidarrsh.Neobis-threads";
				PRODUCT_NAME = "$(TARGET_NAME)";
				SWIFT_EMIT_LOC_STRINGS = YES;
				SWIFT_VERSION = 5.0;
				TARGETED_DEVICE_FAMILY = "1,2";
			};
			name = Release;
		};
/* End XCBuildConfiguration section */

/* Begin XCConfigurationList section */
		1C3893A52A7A5B79003D2CC8 /* Build configuration list for PBXProject "Neobis_threads" */ = {
			isa = XCConfigurationList;
			buildConfigurations = (
				1C3893BC2A7A5B7B003D2CC8 /* Debug */,
				1C3893BD2A7A5B7B003D2CC8 /* Release */,
			);
			defaultConfigurationIsVisible = 0;
			defaultConfigurationName = Release;
		};
		1C3893BE2A7A5B7B003D2CC8 /* Build configuration list for PBXNativeTarget "Neobis_threads" */ = {
			isa = XCConfigurationList;
			buildConfigurations = (
				1C3893BF2A7A5B7B003D2CC8 /* Debug */,
				1C3893C02A7A5B7B003D2CC8 /* Release */,
			);
			defaultConfigurationIsVisible = 0;
			defaultConfigurationName = Release;
		};
/* End XCConfigurationList section */

/* Begin XCRemoteSwiftPackageReference section */
		1C3893C12A7A5C3A003D2CC8 /* XCRemoteSwiftPackageReference "Snapkit" */ = {
			isa = XCRemoteSwiftPackageReference;
			repositoryURL = "https://github.com/Snapkit/Snapkit.git";
			requirement = {
				kind = upToNextMajorVersion;
				minimumVersion = 5.0.0;
			};
		};
		1C3893C42A7A5C4E003D2CC8 /* XCRemoteSwiftPackageReference "Alamofire" */ = {
			isa = XCRemoteSwiftPackageReference;
			repositoryURL = "https://github.com/Alamofire/Alamofire";
			requirement = {
				kind = upToNextMajorVersion;
				minimumVersion = 5.0.0;
			};
		};
/* End XCRemoteSwiftPackageReference section */

/* Begin XCSwiftPackageProductDependency section */
		1C3893C22A7A5C3A003D2CC8 /* SnapKit */ = {
			isa = XCSwiftPackageProductDependency;
			package = 1C3893C12A7A5C3A003D2CC8 /* XCRemoteSwiftPackageReference "Snapkit" */;
			productName = SnapKit;
		};
		1C3893C52A7A5C4E003D2CC8 /* Alamofire */ = {
			isa = XCSwiftPackageProductDependency;
			package = 1C3893C42A7A5C4E003D2CC8 /* XCRemoteSwiftPackageReference "Alamofire" */;
			productName = Alamofire;
		};
/* End XCSwiftPackageProductDependency section */
	};
	rootObject = 1C3893A22A7A5B79003D2CC8 /* Project object */;
}
